
Microsoft Visual Studio Solution File, Format Version 12.00
# Visual Studio Version 16
VisualStudioVersion = 16.0.29318.209
MinimumVisualStudioVersion = 10.0.40219.1
Project("{FAE04EC0-301F-11D3-BF4B-00C04F79EFBC}") = "ZipApp.Core", "ZipApp.Core\ZipApp.Core.csproj", "{01828EA3-CBA8-4558-8F57-051E11B06703}"
EndProject
Project("{FAE04EC0-301F-11D3-BF4B-00C04F79EFBC}") = "ZipAppModel", "ZipAppModel\ZipAppModel.csproj", "{FF21E767-90DB-402E-9D54-8FE9CD37576B}"
EndProject
Project("{FAE04EC0-301F-11D3-BF4B-00C04F79EFBC}") = "ZipApp.CLI", "ZipApp.CLI\ZipApp.CLI.csproj", "{D58E27D6-74D0-4E4D-8330-4579FCD5785B}"
EndProject
Project("{FAE04EC0-301F-11D3-BF4B-00C04F79EFBC}") = "ZipAppTests", "ZipAppTests\ZipAppTests.csproj", "{A0D9EE91-20CA-45BF-AA9A-7F53485F0D05}"
EndProject
Global
	GlobalSection(SolutionConfigurationPlatforms) = preSolution
		Debug|Any CPU = Debug|Any CPU
		Release|Any CPU = Release|Any CPU
	EndGlobalSection
	GlobalSection(ProjectConfigurationPlatforms) = postSolution
		{01828EA3-CBA8-4558-8F57-051E11B06703}.Debug|Any CPU.ActiveCfg = Debug|Any CPU
		{01828EA3-CBA8-4558-8F57-051E11B06703}.Debug|Any CPU.Build.0 = Debug|Any CPU
		{01828EA3-CBA8-4558-8F57-051E11B06703}.Release|Any CPU.ActiveCfg = Release|Any CPU
		{01828EA3-CBA8-4558-8F57-051E11B06703}.Release|Any CPU.Build.0 = Release|Any CPU
		{FF21E767-90DB-402E-9D54-8FE9CD37576B}.Debug|Any CPU.ActiveCfg = Debug|Any CPU
		{FF21E767-90DB-402E-9D54-8FE9CD37576B}.Debug|Any CPU.Build.0 = Debug|Any CPU
		{FF21E767-90DB-402E-9D54-8FE9CD37576B}.Release|Any CPU.ActiveCfg = Release|Any CPU
		{FF21E767-90DB-402E-9D54-8FE9CD37576B}.Release|Any CPU.Build.0 = Release|Any CPU
		{D58E27D6-74D0-4E4D-8330-4579FCD5785B}.Debug|Any CPU.ActiveCfg = Debug|Any CPU
		{D58E27D6-74D0-4E4D-8330-4579FCD5785B}.Debug|Any CPU.Build.0 = Debug|Any CPU
		{D58E27D6-74D0-4E4D-8330-4579FCD5785B}.Release|Any CPU.ActiveCfg = Release|Any CPU
		{D58E27D6-74D0-4E4D-8330-4579FCD5785B}.Release|Any CPU.Build.0 = Release|Any CPU
		{A0D9EE91-20CA-45BF-AA9A-7F53485F0D05}.Debug|Any CPU.ActiveCfg = Debug|Any CPU
		{A0D9EE91-20CA-45BF-AA9A-7F53485F0D05}.Debug|Any CPU.Build.0 = Debug|Any CPU
		{A0D9EE91-20CA-45BF-AA9A-7F53485F0D05}.Release|Any CPU.ActiveCfg = Release|Any CPU
		{A0D9EE91-20CA-45BF-AA9A-7F53485F0D05}.Release|Any CPU.Build.0 = Release|Any CPU
	EndGlobalSection
	GlobalSection(SolutionProperties) = preSolution
		HideSolutionNode = FALSE
	EndGlobalSection
	GlobalSection(ExtensibilityGlobals) = postSolution
		SolutionGuid = {1E7139EC-3744-45F1-8952-C796A10EEBA9}
	EndGlobalSection
EndGlobal
